// !$*UTF8*$!
{
	archiveVersion = 1;
	classes = {
	};
	objectVersion = 48;
	objects = {

/* Begin PBXBuildFile section */
		3B8BC5061FB3D79E006DC392 /* AppDelegate.m in Sources */ = {isa = PBXBuildFile; fileRef = 3B8BC5051FB3D79E006DC392 /* AppDelegate.m */; };
		3B8BC5091FB3D79E006DC392 /* ViewController.m in Sources */ = {isa = PBXBuildFile; fileRef = 3B8BC5081FB3D79E006DC392 /* ViewController.m */; };
		3B8BC50C1FB3D79E006DC392 /* Main.storyboard in Resources */ = {isa = PBXBuildFile; fileRef = 3B8BC50A1FB3D79E006DC392 /* Main.storyboard */; };
		3B8BC50E1FB3D79E006DC392 /* Assets.xcassets in Resources */ = {isa = PBXBuildFile; fileRef = 3B8BC50D1FB3D79E006DC392 /* Assets.xcassets */; };
		3B8BC5111FB3D79E006DC392 /* LaunchScreen.storyboard in Resources */ = {isa = PBXBuildFile; fileRef = 3B8BC50F1FB3D79E006DC392 /* LaunchScreen.storyboard */; };
		3B8BC5141FB3D79E006DC392 /* main.m in Sources */ = {isa = PBXBuildFile; fileRef = 3B8BC5131FB3D79E006DC392 /* main.m */; };
		3B8BC51E1FB3D815006DC392 /* Podfile in Resources */ = {isa = PBXBuildFile; fileRef = 3B8BC51D1FB3D815006DC392 /* Podfile */; };
		3B8BC5221FB3D90C006DC392 /* Declarations.m in Sources */ = {isa = PBXBuildFile; fileRef = 3B8BC5211FB3D90C006DC392 /* Declarations.m */; };
		3B8BC5251FB3D92D006DC392 /* WebServices.m in Sources */ = {isa = PBXBuildFile; fileRef = 3B8BC5241FB3D92D006DC392 /* WebServices.m */; };
		5BD9E7D34DC04D02D4FAC3E8 /* libPods-Starwar API.a in Frameworks */ = {isa = PBXBuildFile; fileRef = 4A730D5BAC33EA84474B590C /* libPods-Starwar API.a */; };
/* End PBXBuildFile section */

/* Begin PBXFileReference section */
		3B8BC5011FB3D79E006DC392 /* Starwar API.app */ = {isa = PBXFileReference; explicitFileType = wrapper.application; includeInIndex = 0; path = "Starwar API.app"; sourceTree = BUILT_PRODUCTS_DIR; };
		3B8BC5041FB3D79E006DC392 /* AppDelegate.h */ = {isa = PBXFileReference; lastKnownFileType = sourcecode.c.h; path = AppDelegate.h; sourceTree = "<group>"; };
		3B8BC5051FB3D79E006DC392 /* AppDelegate.m */ = {isa = PBXFileReference; lastKnownFileType = sourcecode.c.objc; path = AppDelegate.m; sourceTree = "<group>"; };
		3B8BC5071FB3D79E006DC392 /* ViewController.h */ = {isa = PBXFileReference; lastKnownFileType = sourcecode.c.h; path = ViewController.h; sourceTree = "<group>"; };
		3B8BC5081FB3D79E006DC392 /* ViewController.m */ = {isa = PBXFileReference; lastKnownFileType = sourcecode.c.objc; path = ViewController.m; sourceTree = "<group>"; };
		3B8BC50B1FB3D79E006DC392 /* Base */ = {isa = PBXFileReference; lastKnownFileType = file.storyboard; name = Base; path = Base.lproj/Main.storyboard; sourceTree = "<group>"; };
		3B8BC50D1FB3D79E006DC392 /* Assets.xcassets */ = {isa = PBXFileReference; lastKnownFileType = folder.assetcatalog; path = Assets.xcassets; sourceTree = "<group>"; };
		3B8BC5101FB3D79E006DC392 /* Base */ = {isa = PBXFileReference; lastKnownFileType = file.storyboard; name = Base; path = Base.lproj/LaunchScreen.storyboard; sourceTree = "<group>"; };
		3B8BC5121FB3D79E006DC392 /* Info.plist */ = {isa = PBXFileReference; lastKnownFileType = text.plist.xml; path = Info.plist; sourceTree = "<group>"; };
		3B8BC5131FB3D79E006DC392 /* main.m */ = {isa = PBXFileReference; lastKnownFileType = sourcecode.c.objc; path = main.m; sourceTree = "<group>"; };
		3B8BC51D1FB3D815006DC392 /* Podfile */ = {isa = PBXFileReference; lastKnownFileType = text; path = Podfile; sourceTree = "<group>"; };
		3B8BC5201FB3D90C006DC392 /* Declarations.h */ = {isa = PBXFileReference; lastKnownFileType = sourcecode.c.h; path = Declarations.h; sourceTree = "<group>"; };
		3B8BC5211FB3D90C006DC392 /* Declarations.m */ = {isa = PBXFileReference; lastKnownFileType = sourcecode.c.objc; path = Declarations.m; sourceTree = "<group>"; };
		3B8BC5231FB3D92D006DC392 /* WebServices.h */ = {isa = PBXFileReference; lastKnownFileType = sourcecode.c.h; path = WebServices.h; sourceTree = "<group>"; };
		3B8BC5241FB3D92D006DC392 /* WebServices.m */ = {isa = PBXFileReference; lastKnownFileType = sourcecode.c.objc; path = WebServices.m; sourceTree = "<group>"; };
		3B8BC52A1FB3D9C2006DC392 /* Constants.h */ = {isa = PBXFileReference; lastKnownFileType = sourcecode.c.h; path = Constants.h; sourceTree = "<group>"; };
		4A730D5BAC33EA84474B590C /* libPods-Starwar API.a */ = {isa = PBXFileReference; explicitFileType = archive.ar; includeInIndex = 0; path = "libPods-Starwar API.a"; sourceTree = BUILT_PRODUCTS_DIR; };
		AC1F4714C719B9B50F9C6D21 /* Pods-Starwar API.debug.xcconfig */ = {isa = PBXFileReference; includeInIndex = 1; lastKnownFileType = text.xcconfig; name = "Pods-Starwar API.debug.xcconfig"; path = "Pods/Target Support Files/Pods-Starwar API/Pods-Starwar API.debug.xcconfig"; sourceTree = "<group>"; };
		B0F71BEB87229E7B4C835201 /* Pods-Starwar API.release.xcconfig */ = {isa = PBXFileReference; includeInIndex = 1; lastKnownFileType = text.xcconfig; name = "Pods-Starwar API.release.xcconfig"; path = "Pods/Target Support Files/Pods-Starwar API/Pods-Starwar API.release.xcconfig"; sourceTree = "<group>"; };
/* End PBXFileReference section */

/* Begin PBXFrameworksBuildPhase section */
		3B8BC4FE1FB3D79E006DC392 /* Frameworks */ = {
			isa = PBXFrameworksBuildPhase;
			buildActionMask = 2147483647;
			files = (
				5BD9E7D34DC04D02D4FAC3E8 /* libPods-Starwar API.a in Frameworks */,
			);
			runOnlyForDeploymentPostprocessing = 0;
		};
/* End PBXFrameworksBuildPhase section */

/* Begin PBXGroup section */
		3B8BC4F81FB3D79E006DC392 = {
			isa = PBXGroup;
			children = (
				3B8BC51D1FB3D815006DC392 /* Podfile */,
				3B8BC5031FB3D79E006DC392 /* Starwar API */,
				3B8BC5021FB3D79E006DC392 /* Products */,
				5AA32992D0CC1E5A9627F551 /* Pods */,
				8F886B43CCB3B37624C94C0E /* Frameworks */,
			);
			sourceTree = "<group>";
		};
		3B8BC5021FB3D79E006DC392 /* Products */ = {
			isa = PBXGroup;
			children = (
				3B8BC5011FB3D79E006DC392 /* Starwar API.app */,
			);
			name = Products;
			sourceTree = "<group>";
		};
		3B8BC5031FB3D79E006DC392 /* Starwar API */ = {
			isa = PBXGroup;
			children = (
				3B8BC51C1FB3D7D2006DC392 /* Views */,
				3B8BC51B1FB3D7BC006DC392 /* Main */,
				3B8BC51A1FB3D7B4006DC392 /* Controllers */,
				3B8BC51F1FB3D8E5006DC392 /* Helpers */,
				3B8BC5291FB3D958006DC392 /* Models */,
				3B8BC50D1FB3D79E006DC392 /* Assets.xcassets */,
				3B8BC5121FB3D79E006DC392 /* Info.plist */,
				3B8BC5131FB3D79E006DC392 /* main.m */,
			);
			path = "Starwar API";
			sourceTree = "<group>";
		};
		3B8BC51A1FB3D7B4006DC392 /* Controllers */ = {
			isa = PBXGroup;
			children = (
				3B8BC5071FB3D79E006DC392 /* ViewController.h */,
				3B8BC5081FB3D79E006DC392 /* ViewController.m */,
			);
			path = Controllers;
			sourceTree = "<group>";
		};
		3B8BC51B1FB3D7BC006DC392 /* Main */ = {
			isa = PBXGroup;
			children = (
				3B8BC5041FB3D79E006DC392 /* AppDelegate.h */,
				3B8BC5051FB3D79E006DC392 /* AppDelegate.m */,
			);
			path = Main;
			sourceTree = "<group>";
		};
		3B8BC51C1FB3D7D2006DC392 /* Views */ = {
			isa = PBXGroup;
			children = (
				3B8BC50A1FB3D79E006DC392 /* Main.storyboard */,
				3B8BC50F1FB3D79E006DC392 /* LaunchScreen.storyboard */,
			);
			path = Views;
			sourceTree = "<group>";
		};
		3B8BC51F1FB3D8E5006DC392 /* Helpers */ = {
			isa = PBXGroup;
			children = (
				3B8BC5201FB3D90C006DC392 /* Declarations.h */,
				3B8BC5211FB3D90C006DC392 /* Declarations.m */,
				3B8BC5231FB3D92D006DC392 /* WebServices.h */,
				3B8BC5241FB3D92D006DC392 /* WebServices.m */,
				3B8BC52A1FB3D9C2006DC392 /* Constants.h */,
			);
			path = Helpers;
			sourceTree = "<group>";
		};
		3B8BC5291FB3D958006DC392 /* Models */ = {
			isa = PBXGroup;
			children = (
			);
			path = Models;
			sourceTree = "<group>";
		};
		5AA32992D0CC1E5A9627F551 /* Pods */ = {
			isa = PBXGroup;
			children = (
				AC1F4714C719B9B50F9C6D21 /* Pods-Starwar API.debug.xcconfig */,
				B0F71BEB87229E7B4C835201 /* Pods-Starwar API.release.xcconfig */,
			);
			name = Pods;
			sourceTree = "<group>";
		};
		8F886B43CCB3B37624C94C0E /* Frameworks */ = {
			isa = PBXGroup;
			children = (
				4A730D5BAC33EA84474B590C /* libPods-Starwar API.a */,
			);
			name = Frameworks;
			sourceTree = "<group>";
		};
/* End PBXGroup section */

/* Begin PBXNativeTarget section */
		3B8BC5001FB3D79E006DC392 /* Starwar API */ = {
			isa = PBXNativeTarget;
			buildConfigurationList = 3B8BC5171FB3D79E006DC392 /* Build configuration list for PBXNativeTarget "Starwar API" */;
			buildPhases = (
				ACC45E098BACD5342FECD89A /* [CP] Check Pods Manifest.lock */,
				3B8BC4FD1FB3D79E006DC392 /* Sources */,
				3B8BC4FE1FB3D79E006DC392 /* Frameworks */,
				3B8BC4FF1FB3D79E006DC392 /* Resources */,
				803F462C1582CBF801A85C6D /* [CP] Embed Pods Frameworks */,
				3815A43505BCDA7CB950DA85 /* [CP] Copy Pods Resources */,
			);
			buildRules = (
			);
			dependencies = (
			);
			name = "Starwar API";
			productName = "Starwar API";
			productReference = 3B8BC5011FB3D79E006DC392 /* Starwar API.app */;
			productType = "com.apple.product-type.application";
		};
/* End PBXNativeTarget section */

/* Begin PBXProject section */
		3B8BC4F91FB3D79E006DC392 /* Project object */ = {
			isa = PBXProject;
			attributes = {
				LastUpgradeCheck = 0910;
				TargetAttributes = {
					3B8BC5001FB3D79E006DC392 = {
						CreatedOnToolsVersion = 9.1;
						ProvisioningStyle = Automatic;
					};
				};
			};
			buildConfigurationList = 3B8BC4FC1FB3D79E006DC392 /* Build configuration list for PBXProject "Starwar API" */;
			compatibilityVersion = "Xcode 8.0";
			developmentRegion = en;
			hasScannedForEncodings = 0;
			knownRegions = (
				en,
				Base,
			);
			mainGroup = 3B8BC4F81FB3D79E006DC392;
			productRefGroup = 3B8BC5021FB3D79E006DC392 /* Products */;
			projectDirPath = "";
			projectRoot = "";
			targets = (
				3B8BC5001FB3D79E006DC392 /* Starwar API */,
			);
		};
/* End PBXProject section */

/* Begin PBXResourcesBuildPhase section */
		3B8BC4FF1FB3D79E006DC392 /* Resources */ = {
			isa = PBXResourcesBuildPhase;
			buildActionMask = 2147483647;
			files = (
				3B8BC5111FB3D79E006DC392 /* LaunchScreen.storyboard in Resources */,
				3B8BC50E1FB3D79E006DC392 /* Assets.xcassets in Resources */,
				3B8BC51E1FB3D815006DC392 /* Podfile in Resources */,
				3B8BC50C1FB3D79E006DC392 /* Main.storyboard in Resources */,
			);
			runOnlyForDeploymentPostprocessing = 0;
		};
/* End PBXResourcesBuildPhase section */

/* Begin PBXShellScriptBuildPhase section */
		3815A43505BCDA7CB950DA85 /* [CP] Copy Pods Resources */ = {
			isa = PBXShellScriptBuildPhase;
			buildActionMask = 2147483647;
			files = (
			);
			inputPaths = (
			);
			name = "[CP] Copy Pods Resources";
			outputPaths = (
			);
			runOnlyForDeploymentPostprocessing = 0;
			shellPath = /bin/sh;
			shellScript = "\"${SRCROOT}/Pods/Target Support Files/Pods-Starwar API/Pods-Starwar API-resources.sh\"\n";
			showEnvVarsInLog = 0;
		};
		803F462C1582CBF801A85C6D /* [CP] Embed Pods Frameworks */ = {
			isa = PBXShellScriptBuildPhase;
			buildActionMask = 2147483647;
			files = (
			);
			inputPaths = (
			);
			name = "[CP] Embed Pods Frameworks";
			outputPaths = (
			);
			runOnlyForDeploymentPostprocessing = 0;
			shellPath = /bin/sh;
			shellScript = "\"${SRCROOT}/Pods/Target Support Files/Pods-Starwar API/Pods-Starwar API-frameworks.sh\"\n";
			showEnvVarsInLog = 0;
		};
		ACC45E098BACD5342FECD89A /* [CP] Check Pods Manifest.lock */ = {
			isa = PBXShellScriptBuildPhase;
			buildActionMask = 2147483647;
			files = (
			);
			inputPaths = (
				"${PODS_PODFILE_DIR_PATH}/Podfile.lock",
				"${PODS_ROOT}/Manifest.lock",
			);
			name = "[CP] Check Pods Manifest.lock";
			outputPaths = (
				"$(DERIVED_FILE_DIR)/Pods-Starwar API-checkManifestLockResult.txt",
			);
			runOnlyForDeploymentPostprocessing = 0;
			shellPath = /bin/sh;
			shellScript = "diff \"${PODS_PODFILE_DIR_PATH}/Podfile.lock\" \"${PODS_ROOT}/Manifest.lock\" > /dev/null\nif [ $? != 0 ] ; then\n    # print error to STDERR\n    echo \"error: The sandbox is not in sync with the Podfile.lock. Run 'pod install' or update your CocoaPods installation.\" >&2\n    exit 1\nfi\n# This output is used by Xcode 'outputs' to avoid re-running this script phase.\necho \"SUCCESS\" > \"${SCRIPT_OUTPUT_FILE_0}\"\n";
			showEnvVarsInLog = 0;
		};
/* End PBXShellScriptBuildPhase section */

/* Begin PBXSourcesBuildPhase section */
		3B8BC4FD1FB3D79E006DC392 /* Sources */ = {
			isa = PBXSourcesBuildPhase;
			buildActionMask = 2147483647;
			files = (
				3B8BC5091FB3D79E006DC392 /* ViewController.m in Sources */,
				3B8BC5251FB3D92D006DC392 /* WebServices.m in Sources */,
				3B8BC5141FB3D79E006DC392 /* main.m in Sources */,
				3B8BC5221FB3D90C006DC392 /* Declarations.m in Sources */,
				3B8BC5061FB3D79E006DC392 /* AppDelegate.m in Sources */,
			);
			runOnlyForDeploymentPostprocessing = 0;
		};
/* End PBXSourcesBuildPhase section */

/* Begin PBXVariantGroup section */
		3B8BC50A1FB3D79E006DC392 /* Main.storyboard */ = {
			isa = PBXVariantGroup;
			children = (
				3B8BC50B1FB3D79E006DC392 /* Base */,
			);
			name = Main.storyboard;
			sourceTree = "<group>";
		};
		3B8BC50F1FB3D79E006DC392 /* LaunchScreen.storyboard */ = {
			isa = PBXVariantGroup;
			children = (
				3B8BC5101FB3D79E006DC392 /* Base */,
			);
			name = LaunchScreen.storyboard;
			sourceTree = "<group>";
		};
/* End PBXVariantGroup section */

/* Begin XCBuildConfiguration section */
		3B8BC5151FB3D79E006DC392 /* Debug */ = {
			isa = XCBuildConfiguration;
			buildSettings = {
				ALWAYS_SEARCH_USER_PATHS = NO;
				CLANG_ANALYZER_NONNULL = YES;
				CLANG_ANALYZER_NUMBER_OBJECT_CONVERSION = YES_AGGRESSIVE;
				CLANG_CXX_LANGUAGE_STANDARD = "gnu++14";
				CLANG_CXX_LIBRARY = "libc++";
				CLANG_ENABLE_MODULES = YES;
				CLANG_ENABLE_OBJC_ARC = YES;
				CLANG_WARN_BLOCK_CAPTURE_AUTORELEASING = YES;
				CLANG_WARN_BOOL_CONVERSION = YES;
				CLANG_WARN_COMMA = YES;
				CLANG_WARN_CONSTANT_CONVERSION = YES;
				CLANG_WARN_DIRECT_OBJC_ISA_USAGE = YES_ERROR;
				CLANG_WARN_DOCUMENTATION_COMMENTS = YES;
				CLANG_WARN_EMPTY_BODY = YES;
				CLANG_WARN_ENUM_CONVERSION = YES;
				CLANG_WARN_INFINITE_RECURSION = YES;
				CLANG_WARN_INT_CONVERSION = YES;
				CLANG_WARN_NON_LITERAL_NULL_CONVERSION = YES;
				CLANG_WARN_OBJC_LITERAL_CONVERSION = YES;
				CLANG_WARN_OBJC_ROOT_CLASS = YES_ERROR;
				CLANG_WARN_RANGE_LOOP_ANALYSIS = YES;
				CLANG_WARN_STRICT_PROTOTYPES = YES;
				CLANG_WARN_SUSPICIOUS_MOVE = YES;
				CLANG_WARN_UNGUARDED_AVAILABILITY = YES_AGGRESSIVE;
				CLANG_WARN_UNREACHABLE_CODE = YES;
				CLANG_WARN__DUPLICATE_METHOD_MATCH = YES;
				CODE_SIGN_IDENTITY = "iPhone Developer";
				COPY_PHASE_STRIP = NO;
				DEBUG_INFORMATION_FORMAT = dwarf;
				ENABLE_STRICT_OBJC_MSGSEND = YES;
				ENABLE_TESTABILITY = YES;
				GCC_C_LANGUAGE_STANDARD = gnu11;
				GCC_DYNAMIC_NO_PIC = NO;
				GCC_NO_COMMON_BLOCKS = YES;
				GCC_OPTIMIZATION_LEVEL = 0;
				GCC_PREPROCESSOR_DEFINITIONS = (
					"DEBUG=1",
					"$(inherited)",
				);
				GCC_WARN_64_TO_32_BIT_CONVERSION = YES;
				GCC_WARN_ABOUT_RETURN_TYPE = YES_ERROR;
				GCC_WARN_UNDECLARED_SELECTOR = YES;
				GCC_WARN_UNINITIALIZED_AUTOS = YES_AGGRESSIVE;
				GCC_WARN_UNUSED_FUNCTION = YES;
				GCC_WARN_UNUSED_VARIABLE = YES;
				IPHONEOS_DEPLOYMENT_TARGET = 11.1;
				MTL_ENABLE_DEBUG_INFO = YES;
				ONLY_ACTIVE_ARCH = YES;
				SDKROOT = iphoneos;
			};
			name = Debug;
		};
		3B8BC5161FB3D79E006DC392 /* Release */ = {
			isa = XCBuildConfiguration;
			buildSettings = {
				ALWAYS_SEARCH_USER_PATHS = NO;
				CLANG_ANALYZER_NONNULL = YES;
				CLANG_ANALYZER_NUMBER_OBJECT_CONVERSION = YES_AGGRESSIVE;
				CLANG_CXX_LANGUAGE_STANDARD = "gnu++14";
				CLANG_CXX_LIBRARY = "libc++";
				CLANG_ENABLE_MODULES = YES;
				CLANG_ENABLE_OBJC_ARC = YES;
				CLANG_WARN_BLOCK_CAPTURE_AUTORELEASING = YES;
				CLANG_WARN_BOOL_CONVERSION = YES;
				CLANG_WARN_COMMA = YES;
				CLANG_WARN_CONSTANT_CONVERSION = YES;
				CLANG_WARN_DIRECT_OBJC_ISA_USAGE = YES_ERROR;
				CLANG_WARN_DOCUMENTATION_COMMENTS = YES;
				CLANG_WARN_EMPTY_BODY = YES;
				CLANG_WARN_ENUM_CONVERSION = YES;
				CLANG_WARN_INFINITE_RECURSION = YES;
				CLANG_WARN_INT_CONVERSION = YES;
				CLANG_WARN_NON_LITERAL_NULL_CONVERSION = YES;
				CLANG_WARN_OBJC_LITERAL_CONVERSION = YES;
				CLANG_WARN_OBJC_ROOT_CLASS = YES_ERROR;
				CLANG_WARN_RANGE_LOOP_ANALYSIS = YES;
				CLANG_WARN_STRICT_PROTOTYPES = YES;
				CLANG_WARN_SUSPICIOUS_MOVE = YES;
				CLANG_WARN_UNGUARDED_AVAILABILITY = YES_AGGRESSIVE;
				CLANG_WARN_UNREACHABLE_CODE = YES;
				CLANG_WARN__DUPLICATE_METHOD_MATCH = YES;
				CODE_SIGN_IDENTITY = "iPhone Developer";
				COPY_PHASE_STRIP = NO;
				DEBUG_INFORMATION_FORMAT = "dwarf-with-dsym";
				ENABLE_NS_ASSERTIONS = NO;
				ENABLE_STRICT_OBJC_MSGSEND = YES;
				GCC_C_LANGUAGE_STANDARD = gnu11;
				GCC_NO_COMMON_BLOCKS = YES;
				GCC_WARN_64_TO_32_BIT_CONVERSION = YES;
				GCC_WARN_ABOUT_RETURN_TYPE = YES_ERROR;
				GCC_WARN_UNDECLARED_SELECTOR = YES;
				GCC_WARN_UNINITIALIZED_AUTOS = YES_AGGRESSIVE;
				GCC_WARN_UNUSED_FUNCTION = YES;
				GCC_WARN_UNUSED_VARIABLE = YES;
				IPHONEOS_DEPLOYMENT_TARGET = 11.1;
				MTL_ENABLE_DEBUG_INFO = NO;
				SDKROOT = iphoneos;
				VALIDATE_PRODUCT = YES;
			};
			name = Release;
		};
		3B8BC5181FB3D79E006DC392 /* Debug */ = {
			isa = XCBuildConfiguration;
			baseConfigurationReference = AC1F4714C719B9B50F9C6D21 /* Pods-Starwar API.debug.xcconfig */;
			buildSettings = {
				ASSETCATALOG_COMPILER_APPICON_NAME = AppIcon;
				CODE_SIGN_STYLE = Automatic;
				INFOPLIST_FILE = "Starwar API/Info.plist";
				LD_RUNPATH_SEARCH_PATHS = "$(inherited) @executable_path/Frameworks";
				PRODUCT_BUNDLE_IDENTIFIER = "albertorm95.Starwar-API";
				PRODUCT_NAME = "$(TARGET_NAME)";
				TARGETED_DEVICE_FAMILY = 1;
			};
			name = Debug;
		};
		3B8BC5191FB3D79E006DC392 /* Release */ = {
			isa = XCBuildConfiguration;
			baseConfigurationReference = B0F71BEB87229E7B4C835201 /* Pods-Starwar API.release.xcconfig */;
			buildSettings = {
				ASSETCATALOG_COMPILER_APPICON_NAME = AppIcon;
				CODE_SIGN_STYLE = Automatic;
				INFOPLIST_FILE = "Starwar API/Info.plist";
				LD_RUNPATH_SEARCH_PATHS = "$(inherited) @executable_path/Frameworks";
				PRODUCT_BUNDLE_IDENTIFIER = "albertorm95.Starwar-API";
				PRODUCT_NAME = "$(TARGET_NAME)";
				TARGETED_DEVICE_FAMILY = 1;
			};
			name = Release;
		};
/* End XCBuildConfiguration section */

/* Begin XCConfigurationList section */
		3B8BC4FC1FB3D79E006DC392 /* Build configuration list for PBXProject "Starwar API" */ = {
			isa = XCConfigurationList;
			buildConfigurations = (
				3B8BC5151FB3D79E006DC392 /* Debug */,
				3B8BC5161FB3D79E006DC392 /* Release */,
			);
			defaultConfigurationIsVisible = 0;
			defaultConfigurationName = Release;
		};
		3B8BC5171FB3D79E006DC392 /* Build configuration list for PBXNativeTarget "Starwar API" */ = {
			isa = XCConfigurationList;
			buildConfigurations = (
				3B8BC5181FB3D79E006DC392 /* Debug */,
				3B8BC5191FB3D79E006DC392 /* Release */,
			);
			defaultConfigurationIsVisible = 0;
			defaultConfigurationName = Release;
		};
/* End XCConfigurationList section */
	};
	rootObject = 3B8BC4F91FB3D79E006DC392 /* Project object */;
}
